
Microsoft Visual Studio Solution File, Format Version 12.00
# Visual Studio 2012
Project("{FAE04EC0-301F-11D3-BF4B-00C04F79EFBC}") = "ppt2pdf", "ppt2pdf\ppt2pdf.csproj", "{11B57B8F-E1A4-48D0-87AF-D0BEC0CE55A4}"
EndProject
Global
	GlobalSection(SolutionConfigurationPlatforms) = preSolution
		Debug|Any CPU = Debug|Any CPU
		Release|Any CPU = Release|Any CPU
	EndGlobalSection
	GlobalSection(ProjectConfigurationPlatforms) = postSolution
		{11B57B8F-E1A4-48D0-87AF-D0BEC0CE55A4}.Debug|Any CPU.ActiveCfg = Debug|Any CPU
		{11B57B8F-E1A4-48D0-87AF-D0BEC0CE55A4}.Debug|Any CPU.Build.0 = Debug|Any CPU
		{11B57B8F-E1A4-48D0-87AF-D0BEC0CE55A4}.Release|Any CPU.ActiveCfg = Release|Any CPU
		{11B57B8F-E1A4-48D0-87AF-D0BEC0CE55A4}.Release|Any CPU.Build.0 = Release|Any CPU
	EndGlobalSection
	GlobalSection(SolutionProperties) = preSolution
		HideSolutionNode = FALSE
	EndGlobalSection
EndGlobal
